
Microsoft Visual Studio Solution File, Format Version 12.00
# Visual Studio Version 17
VisualStudioVersion = 17.6.33723.286
MinimumVisualStudioVersion = 10.0.40219.1
Project("{2150E333-8FDC-42A3-9474-1A3956D46DE8}") = "Solution Items", "Solution Items", "{20C1C8B7-7B66-4B46-BA5D-9CE2C4D92C90}"
	ProjectSection(SolutionItems) = preProject
		.gitignore = .gitignore
		README.md = README.md
	EndProjectSection
EndProject
Project("{2150E333-8FDC-42A3-9474-1A3956D46DE8}") = "docker compose", "docker compose", "{1ED6FA8B-52C9-494E-AD06-C6C96243113D}"
EndProject
Project("{E53339B2-1760-4266-BCC7-CA923CBCF16C}") = "docker-compose", "docker-compose.dcproj", "{515ED358-A767-4B08-94E5-CD0AC8E763C7}"
EndProject
Project("{9A19103F-16F7-4668-BE54-9A1E7A4F7556}") = "SignalR.API", "SignalR.API\SignalR.API.csproj", "{87AA6698-9EC1-4D90-B67C-7060EBE9AD7D}"
EndProject
Global
	GlobalSection(SolutionConfigurationPlatforms) = preSolution
		Debug|Any CPU = Debug|Any CPU
		Release|Any CPU = Release|Any CPU
	EndGlobalSection
	GlobalSection(ProjectConfigurationPlatforms) = postSolution
		{515ED358-A767-4B08-94E5-CD0AC8E763C7}.Debug|Any CPU.ActiveCfg = Debug|Any CPU
		{515ED358-A767-4B08-94E5-CD0AC8E763C7}.Debug|Any CPU.Build.0 = Debug|Any CPU
		{515ED358-A767-4B08-94E5-CD0AC8E763C7}.Release|Any CPU.ActiveCfg = Release|Any CPU
		{515ED358-A767-4B08-94E5-CD0AC8E763C7}.Release|Any CPU.Build.0 = Release|Any CPU
		{87AA6698-9EC1-4D90-B67C-7060EBE9AD7D}.Debug|Any CPU.ActiveCfg = Debug|Any CPU
		{87AA6698-9EC1-4D90-B67C-7060EBE9AD7D}.Debug|Any CPU.Build.0 = Debug|Any CPU
		{87AA6698-9EC1-4D90-B67C-7060EBE9AD7D}.Release|Any CPU.ActiveCfg = Release|Any CPU
		{87AA6698-9EC1-4D90-B67C-7060EBE9AD7D}.Release|Any CPU.Build.0 = Release|Any CPU
	EndGlobalSection
	GlobalSection(SolutionProperties) = preSolution
		HideSolutionNode = FALSE
	EndGlobalSection
	GlobalSection(NestedProjects) = preSolution
		{515ED358-A767-4B08-94E5-CD0AC8E763C7} = {1ED6FA8B-52C9-494E-AD06-C6C96243113D}
	EndGlobalSection
	GlobalSection(ExtensibilityGlobals) = postSolution
		SolutionGuid = {63F1942D-642F-4A80-9A7B-9CAB21EC3148}
	EndGlobalSection
EndGlobal
